// !$*UTF8*$!
{
	archiveVersion = 1;
	classes = {
	};
	objectVersion = 55;
	objects = {

/* Begin PBXBuildFile section */
		7F140B9A2877384D00495262 /* SecondPageViewController.swift in Sources */ = {isa = PBXBuildFile; fileRef = 7F140B992877384D00495262 /* SecondPageViewController.swift */; };
		7F140B9C2877388B00495262 /* ThirdPageViewController.swift in Sources */ = {isa = PBXBuildFile; fileRef = 7F140B9B2877388B00495262 /* ThirdPageViewController.swift */; };
		7F28BEB62871A4A900686268 /* WelcomeViewController.swift in Sources */ = {isa = PBXBuildFile; fileRef = 7F28BEB52871A4A900686268 /* WelcomeViewController.swift */; };
		7F4A801F2877439D00684B55 /* ForthViewController.swift in Sources */ = {isa = PBXBuildFile; fileRef = 7F4A801E2877439D00684B55 /* ForthViewController.swift */; };
		7F4A8021287743B600684B55 /* FifthViewController.swift in Sources */ = {isa = PBXBuildFile; fileRef = 7F4A8020287743B600684B55 /* FifthViewController.swift */; };
		7F4A80232877467100684B55 /* TabBarViewController.swift in Sources */ = {isa = PBXBuildFile; fileRef = 7F4A80222877467100684B55 /* TabBarViewController.swift */; };
		7F81F66D287604C3002E08DB /* Personality.swift in Sources */ = {isa = PBXBuildFile; fileRef = 7F81F66C287604C3002E08DB /* Personality.swift */; };
		7FCDF6CA28717285006D703F /* AppDelegate.swift in Sources */ = {isa = PBXBuildFile; fileRef = 7FCDF6C928717285006D703F /* AppDelegate.swift */; };
		7FCDF6CC28717285006D703F /* SceneDelegate.swift in Sources */ = {isa = PBXBuildFile; fileRef = 7FCDF6CB28717285006D703F /* SceneDelegate.swift */; };
		7FCDF6CE28717285006D703F /* LoginViewController.swift in Sources */ = {isa = PBXBuildFile; fileRef = 7FCDF6CD28717285006D703F /* LoginViewController.swift */; };
		7FCDF6D128717285006D703F /* Main.storyboard in Resources */ = {isa = PBXBuildFile; fileRef = 7FCDF6CF28717285006D703F /* Main.storyboard */; };
		7FCDF6D32871728D006D703F /* Assets.xcassets in Resources */ = {isa = PBXBuildFile; fileRef = 7FCDF6D22871728D006D703F /* Assets.xcassets */; };
		7FCDF6D62871728D006D703F /* LaunchScreen.storyboard in Resources */ = {isa = PBXBuildFile; fileRef = 7FCDF6D42871728D006D703F /* LaunchScreen.storyboard */; };
/* End PBXBuildFile section */

/* Begin PBXFileReference section */
		7F140B992877384D00495262 /* SecondPageViewController.swift */ = {isa = PBXFileReference; lastKnownFileType = sourcecode.swift; path = SecondPageViewController.swift; sourceTree = "<group>"; };
		7F140B9B2877388B00495262 /* ThirdPageViewController.swift */ = {isa = PBXFileReference; lastKnownFileType = sourcecode.swift; path = ThirdPageViewController.swift; sourceTree = "<group>"; };
		7F28BEB52871A4A900686268 /* WelcomeViewController.swift */ = {isa = PBXFileReference; lastKnownFileType = sourcecode.swift; path = WelcomeViewController.swift; sourceTree = "<group>"; };
		7F4A801E2877439D00684B55 /* ForthViewController.swift */ = {isa = PBXFileReference; lastKnownFileType = sourcecode.swift; path = ForthViewController.swift; sourceTree = "<group>"; };
		7F4A8020287743B600684B55 /* FifthViewController.swift */ = {isa = PBXFileReference; lastKnownFileType = sourcecode.swift; path = FifthViewController.swift; sourceTree = "<group>"; };
		7F4A80222877467100684B55 /* TabBarViewController.swift */ = {isa = PBXFileReference; lastKnownFileType = sourcecode.swift; path = TabBarViewController.swift; sourceTree = "<group>"; };
		7F81F66C287604C3002E08DB /* Personality.swift */ = {isa = PBXFileReference; lastKnownFileType = sourcecode.swift; path = Personality.swift; sourceTree = "<group>"; };
		7FCDF6C628717285006D703F /* HomeWork 6.app */ = {isa = PBXFileReference; explicitFileType = wrapper.application; includeInIndex = 0; path = "HomeWork 6.app"; sourceTree = BUILT_PRODUCTS_DIR; };
		7FCDF6C928717285006D703F /* AppDelegate.swift */ = {isa = PBXFileReference; lastKnownFileType = sourcecode.swift; path = AppDelegate.swift; sourceTree = "<group>"; };
		7FCDF6CB28717285006D703F /* SceneDelegate.swift */ = {isa = PBXFileReference; lastKnownFileType = sourcecode.swift; path = SceneDelegate.swift; sourceTree = "<group>"; };
		7FCDF6CD28717285006D703F /* LoginViewController.swift */ = {isa = PBXFileReference; lastKnownFileType = sourcecode.swift; path = LoginViewController.swift; sourceTree = "<group>"; };
		7FCDF6D028717285006D703F /* Base */ = {isa = PBXFileReference; lastKnownFileType = file.storyboard; name = Base; path = Base.lproj/Main.storyboard; sourceTree = "<group>"; };
		7FCDF6D22871728D006D703F /* Assets.xcassets */ = {isa = PBXFileReference; lastKnownFileType = folder.assetcatalog; path = Assets.xcassets; sourceTree = "<group>"; };
		7FCDF6D52871728D006D703F /* Base */ = {isa = PBXFileReference; lastKnownFileType = file.storyboard; name = Base; path = Base.lproj/LaunchScreen.storyboard; sourceTree = "<group>"; };
		7FCDF6D72871728D006D703F /* Info.plist */ = {isa = PBXFileReference; lastKnownFileType = text.plist.xml; path = Info.plist; sourceTree = "<group>"; };
/* End PBXFileReference section */

/* Begin PBXFrameworksBuildPhase section */
		7FCDF6C328717285006D703F /* Frameworks */ = {
			isa = PBXFrameworksBuildPhase;
			buildActionMask = 2147483647;
			files = (
			);
			runOnlyForDeploymentPostprocessing = 0;
		};
/* End PBXFrameworksBuildPhase section */

/* Begin PBXGroup section */
		7F140B9728762B0200495262 /* Resourses */ = {
			isa = PBXGroup;
			children = (
				7FCDF6D22871728D006D703F /* Assets.xcassets */,
			);
			path = Resourses;
			sourceTree = "<group>";
		};
		7F140B9828762C5700495262 /* Models */ = {
			isa = PBXGroup;
			children = (
				7F81F66C287604C3002E08DB /* Personality.swift */,
			);
			path = Models;
			sourceTree = "<group>";
		};
		7FC3D3AF2876017A00411B2B /* ViewControllers */ = {
			isa = PBXGroup;
			children = (
				7FCDF6CD28717285006D703F /* LoginViewController.swift */,
				7F4A80222877467100684B55 /* TabBarViewController.swift */,
				7F28BEB52871A4A900686268 /* WelcomeViewController.swift */,
				7F140B992877384D00495262 /* SecondPageViewController.swift */,
				7F140B9B2877388B00495262 /* ThirdPageViewController.swift */,
				7F4A801E2877439D00684B55 /* ForthViewController.swift */,
				7F4A8020287743B600684B55 /* FifthViewController.swift */,
			);
			path = ViewControllers;
			sourceTree = "<group>";
		};
		7FC3D3B0287601A200411B2B /* Storyboards */ = {
			isa = PBXGroup;
			children = (
				7FCDF6D42871728D006D703F /* LaunchScreen.storyboard */,
				7FCDF6CF28717285006D703F /* Main.storyboard */,
			);
			path = Storyboards;
			sourceTree = "<group>";
		};
		7FC3D3B1287601F100411B2B /* Config */ = {
			isa = PBXGroup;
			children = (
				7FCDF6D72871728D006D703F /* Info.plist */,
				7FCDF6CB28717285006D703F /* SceneDelegate.swift */,
				7FCDF6C928717285006D703F /* AppDelegate.swift */,
			);
			path = Config;
			sourceTree = "<group>";
		};
		7FCDF6BD28717285006D703F = {
			isa = PBXGroup;
			children = (
				7FCDF6C828717285006D703F /* HomeWork 6 */,
				7FCDF6C728717285006D703F /* Products */,
			);
			sourceTree = "<group>";
		};
		7FCDF6C728717285006D703F /* Products */ = {
			isa = PBXGroup;
			children = (
				7FCDF6C628717285006D703F /* HomeWork 6.app */,
			);
			name = Products;
			sourceTree = "<group>";
		};
		7FCDF6C828717285006D703F /* HomeWork 6 */ = {
			isa = PBXGroup;
			children = (
				7FC3D3AF2876017A00411B2B /* ViewControllers */,
				7F140B9828762C5700495262 /* Models */,
				7FC3D3B0287601A200411B2B /* Storyboards */,
				7F140B9728762B0200495262 /* Resourses */,
				7FC3D3B1287601F100411B2B /* Config */,
			);
			path = "HomeWork 6";
			sourceTree = "<group>";
		};
/* End PBXGroup section */

/* Begin PBXNativeTarget section */
		7FCDF6C528717285006D703F /* HomeWork 6 */ = {
			isa = PBXNativeTarget;
			buildConfigurationList = 7FCDF6DA2871728D006D703F /* Build configuration list for PBXNativeTarget "HomeWork 6" */;
			buildPhases = (
				7FCDF6C228717285006D703F /* Sources */,
				7FCDF6C328717285006D703F /* Frameworks */,
				7FCDF6C428717285006D703F /* Resources */,
			);
			buildRules = (
			);
			dependencies = (
			);
			name = "HomeWork 6";
			productName = "HomeWork 6";
			productReference = 7FCDF6C628717285006D703F /* HomeWork 6.app */;
			productType = "com.apple.product-type.application";
		};
/* End PBXNativeTarget section */

/* Begin PBXProject section */
		7FCDF6BE28717285006D703F /* Project object */ = {
			isa = PBXProject;
			attributes = {
				BuildIndependentTargetsInParallel = 1;
				LastSwiftUpdateCheck = 1340;
				LastUpgradeCheck = 1340;
				TargetAttributes = {
					7FCDF6C528717285006D703F = {
						CreatedOnToolsVersion = 13.4.1;
					};
				};
			};
			buildConfigurationList = 7FCDF6C128717285006D703F /* Build configuration list for PBXProject "HomeWork 6" */;
			compatibilityVersion = "Xcode 13.0";
			developmentRegion = en;
			hasScannedForEncodings = 0;
			knownRegions = (
				en,
				Base,
			);
			mainGroup = 7FCDF6BD28717285006D703F;
			productRefGroup = 7FCDF6C728717285006D703F /* Products */;
			projectDirPath = "";
			projectRoot = "";
			targets = (
				7FCDF6C528717285006D703F /* HomeWork 6 */,
			);
		};
/* End PBXProject section */

/* Begin PBXResourcesBuildPhase section */
		7FCDF6C428717285006D703F /* Resources */ = {
			isa = PBXResourcesBuildPhase;
			buildActionMask = 2147483647;
			files = (
				7FCDF6D62871728D006D703F /* LaunchScreen.storyboard in Resources */,
				7FCDF6D32871728D006D703F /* Assets.xcassets in Resources */,
				7FCDF6D128717285006D703F /* Main.storyboard in Resources */,
			);
			runOnlyForDeploymentPostprocessing = 0;
		};
/* End PBXResourcesBuildPhase section */

/* Begin PBXSourcesBuildPhase section */
		7FCDF6C228717285006D703F /* Sources */ = {
			isa = PBXSourcesBuildPhase;
			buildActionMask = 2147483647;
			files = (
				7F4A8021287743B600684B55 /* FifthViewController.swift in Sources */,
				7FCDF6CE28717285006D703F /* LoginViewController.swift in Sources */,
				7F81F66D287604C3002E08DB /* Personality.swift in Sources */,
				7FCDF6CA28717285006D703F /* AppDelegate.swift in Sources */,
				7F140B9C2877388B00495262 /* ThirdPageViewController.swift in Sources */,
				7F140B9A2877384D00495262 /* SecondPageViewController.swift in Sources */,
				7FCDF6CC28717285006D703F /* SceneDelegate.swift in Sources */,
				7F4A801F2877439D00684B55 /* ForthViewController.swift in Sources */,
				7F4A80232877467100684B55 /* TabBarViewController.swift in Sources */,
				7F28BEB62871A4A900686268 /* WelcomeViewController.swift in Sources */,
			);
			runOnlyForDeploymentPostprocessing = 0;
		};
/* End PBXSourcesBuildPhase section */

/* Begin PBXVariantGroup section */
		7FCDF6CF28717285006D703F /* Main.storyboard */ = {
			isa = PBXVariantGroup;
			children = (
				7FCDF6D028717285006D703F /* Base */,
			);
			name = Main.storyboard;
			sourceTree = "<group>";
		};
		7FCDF6D42871728D006D703F /* LaunchScreen.storyboard */ = {
			isa = PBXVariantGroup;
			children = (
				7FCDF6D52871728D006D703F /* Base */,
			);
			name = LaunchScreen.storyboard;
			sourceTree = "<group>";
		};
/* End PBXVariantGroup section */

/* Begin XCBuildConfiguration section */
		7FCDF6D82871728D006D703F /* Debug */ = {
			isa = XCBuildConfiguration;
			buildSettings = {
				ALWAYS_SEARCH_USER_PATHS = NO;
				CLANG_ANALYZER_NONNULL = YES;
				CLANG_ANALYZER_NUMBER_OBJECT_CONVERSION = YES_AGGRESSIVE;
				CLANG_CXX_LANGUAGE_STANDARD = "gnu++17";
				CLANG_ENABLE_MODULES = YES;
				CLANG_ENABLE_OBJC_ARC = YES;
				CLANG_ENABLE_OBJC_WEAK = YES;
				CLANG_WARN_BLOCK_CAPTURE_AUTORELEASING = YES;
				CLANG_WARN_BOOL_CONVERSION = YES;
				CLANG_WARN_COMMA = YES;
				CLANG_WARN_CONSTANT_CONVERSION = YES;
				CLANG_WARN_DEPRECATED_OBJC_IMPLEMENTATIONS = YES;
				CLANG_WARN_DIRECT_OBJC_ISA_USAGE = YES_ERROR;
				CLANG_WARN_DOCUMENTATION_COMMENTS = YES;
				CLANG_WARN_EMPTY_BODY = YES;
				CLANG_WARN_ENUM_CONVERSION = YES;
				CLANG_WARN_INFINITE_RECURSION = YES;
				CLANG_WARN_INT_CONVERSION = YES;
				CLANG_WARN_NON_LITERAL_NULL_CONVERSION = YES;
				CLANG_WARN_OBJC_IMPLICIT_RETAIN_SELF = YES;
				CLANG_WARN_OBJC_LITERAL_CONVERSION = YES;
				CLANG_WARN_OBJC_ROOT_CLASS = YES_ERROR;
				CLANG_WARN_QUOTED_INCLUDE_IN_FRAMEWORK_HEADER = YES;
				CLANG_WARN_RANGE_LOOP_ANALYSIS = YES;
				CLANG_WARN_STRICT_PROTOTYPES = YES;
				CLANG_WARN_SUSPICIOUS_MOVE = YES;
				CLANG_WARN_UNGUARDED_AVAILABILITY = YES_AGGRESSIVE;
				CLANG_WARN_UNREACHABLE_CODE = YES;
				CLANG_WARN__DUPLICATE_METHOD_MATCH = YES;
				COPY_PHASE_STRIP = NO;
				DEBUG_INFORMATION_FORMAT = dwarf;
				ENABLE_STRICT_OBJC_MSGSEND = YES;
				ENABLE_TESTABILITY = YES;
				GCC_C_LANGUAGE_STANDARD = gnu11;
				GCC_DYNAMIC_NO_PIC = NO;
				GCC_NO_COMMON_BLOCKS = YES;
				GCC_OPTIMIZATION_LEVEL = 0;
				GCC_PREPROCESSOR_DEFINITIONS = (
					"DEBUG=1",
					"$(inherited)",
				);
				GCC_WARN_64_TO_32_BIT_CONVERSION = YES;
				GCC_WARN_ABOUT_RETURN_TYPE = YES_ERROR;
				GCC_WARN_UNDECLARED_SELECTOR = YES;
				GCC_WARN_UNINITIALIZED_AUTOS = YES_AGGRESSIVE;
				GCC_WARN_UNUSED_FUNCTION = YES;
				GCC_WARN_UNUSED_VARIABLE = YES;
				IPHONEOS_DEPLOYMENT_TARGET = 15.5;
				MTL_ENABLE_DEBUG_INFO = INCLUDE_SOURCE;
				MTL_FAST_MATH = YES;
				ONLY_ACTIVE_ARCH = YES;
				SDKROOT = iphoneos;
				SWIFT_ACTIVE_COMPILATION_CONDITIONS = DEBUG;
				SWIFT_OPTIMIZATION_LEVEL = "-Onone";
			};
			name = Debug;
		};
		7FCDF6D92871728D006D703F /* Release */ = {
			isa = XCBuildConfiguration;
			buildSettings = {
				ALWAYS_SEARCH_USER_PATHS = NO;
				CLANG_ANALYZER_NONNULL = YES;
				CLANG_ANALYZER_NUMBER_OBJECT_CONVERSION = YES_AGGRESSIVE;
				CLANG_CXX_LANGUAGE_STANDARD = "gnu++17";
				CLANG_ENABLE_MODULES = YES;
				CLANG_ENABLE_OBJC_ARC = YES;
				CLANG_ENABLE_OBJC_WEAK = YES;
				CLANG_WARN_BLOCK_CAPTURE_AUTORELEASING = YES;
				CLANG_WARN_BOOL_CONVERSION = YES;
				CLANG_WARN_COMMA = YES;
				CLANG_WARN_CONSTANT_CONVERSION = YES;
				CLANG_WARN_DEPRECATED_OBJC_IMPLEMENTATIONS = YES;
				CLANG_WARN_DIRECT_OBJC_ISA_USAGE = YES_ERROR;
				CLANG_WARN_DOCUMENTATION_COMMENTS = YES;
				CLANG_WARN_EMPTY_BODY = YES;
				CLANG_WARN_ENUM_CONVERSION = YES;
				CLANG_WARN_INFINITE_RECURSION = YES;
				CLANG_WARN_INT_CONVERSION = YES;
				CLANG_WARN_NON_LITERAL_NULL_CONVERSION = YES;
				CLANG_WARN_OBJC_IMPLICIT_RETAIN_SELF = YES;
				CLANG_WARN_OBJC_LITERAL_CONVERSION = YES;
				CLANG_WARN_OBJC_ROOT_CLASS = YES_ERROR;
				CLANG_WARN_QUOTED_INCLUDE_IN_FRAMEWORK_HEADER = YES;
				CLANG_WARN_RANGE_LOOP_ANALYSIS = YES;
				CLANG_WARN_STRICT_PROTOTYPES = YES;
				CLANG_WARN_SUSPICIOUS_MOVE = YES;
				CLANG_WARN_UNGUARDED_AVAILABILITY = YES_AGGRESSIVE;
				CLANG_WARN_UNREACHABLE_CODE = YES;
				CLANG_WARN__DUPLICATE_METHOD_MATCH = YES;
				COPY_PHASE_STRIP = NO;
				DEBUG_INFORMATION_FORMAT = "dwarf-with-dsym";
				ENABLE_NS_ASSERTIONS = NO;
				ENABLE_STRICT_OBJC_MSGSEND = YES;
				GCC_C_LANGUAGE_STANDARD = gnu11;
				GCC_NO_COMMON_BLOCKS = YES;
				GCC_WARN_64_TO_32_BIT_CONVERSION = YES;
				GCC_WARN_ABOUT_RETURN_TYPE = YES_ERROR;
				GCC_WARN_UNDECLARED_SELECTOR = YES;
				GCC_WARN_UNINITIALIZED_AUTOS = YES_AGGRESSIVE;
				GCC_WARN_UNUSED_FUNCTION = YES;
				GCC_WARN_UNUSED_VARIABLE = YES;
				IPHONEOS_DEPLOYMENT_TARGET = 15.5;
				MTL_ENABLE_DEBUG_INFO = NO;
				MTL_FAST_MATH = YES;
				SDKROOT = iphoneos;
				SWIFT_COMPILATION_MODE = wholemodule;
				SWIFT_OPTIMIZATION_LEVEL = "-O";
				VALIDATE_PRODUCT = YES;
			};
			name = Release;
		};
		7FCDF6DB2871728D006D703F /* Debug */ = {
			isa = XCBuildConfiguration;
			buildSettings = {
				ASSETCATALOG_COMPILER_APPICON_NAME = AppIcon;
				ASSETCATALOG_COMPILER_GLOBAL_ACCENT_COLOR_NAME = AccentColor;
				CODE_SIGN_STYLE = Automatic;
				CURRENT_PROJECT_VERSION = 1;
				DEVELOPMENT_TEAM = CC2755AXU3;
				GENERATE_INFOPLIST_FILE = YES;
				INFOPLIST_FILE = "HomeWork 6/Config/Info.plist";
				INFOPLIST_KEY_UIApplicationSupportsIndirectInputEvents = YES;
				INFOPLIST_KEY_UILaunchStoryboardName = LaunchScreen;
				INFOPLIST_KEY_UIMainStoryboardFile = Main;
				INFOPLIST_KEY_UISupportedInterfaceOrientations_iPad = "UIInterfaceOrientationPortrait UIInterfaceOrientationPortraitUpsideDown UIInterfaceOrientationLandscapeLeft UIInterfaceOrientationLandscapeRight";
				INFOPLIST_KEY_UISupportedInterfaceOrientations_iPhone = "UIInterfaceOrientationPortrait UIInterfaceOrientationLandscapeLeft UIInterfaceOrientationLandscapeRight";
				LD_RUNPATH_SEARCH_PATHS = (
					"$(inherited)",
					"@executable_path/Frameworks",
				);
				MARKETING_VERSION = 1.0;
				PRODUCT_BUNDLE_IDENTIFIER = "ST.HomeWork-6";
				PRODUCT_NAME = "$(TARGET_NAME)";
				SWIFT_EMIT_LOC_STRINGS = YES;
				SWIFT_VERSION = 5.0;
				TARGETED_DEVICE_FAMILY = "1,2";
			};
			name = Debug;
		};
		7FCDF6DC2871728D006D703F /* Release */ = {
			isa = XCBuildConfiguration;
			buildSettings = {
				ASSETCATALOG_COMPILER_APPICON_NAME = AppIcon;
				ASSETCATALOG_COMPILER_GLOBAL_ACCENT_COLOR_NAME = AccentColor;
				CODE_SIGN_STYLE = Automatic;
				CURRENT_PROJECT_VERSION = 1;
				DEVELOPMENT_TEAM = CC2755AXU3;
				GENERATE_INFOPLIST_FILE = YES;
				INFOPLIST_FILE = "HomeWork 6/Info.plist";
				INFOPLIST_KEY_UIApplicationSupportsIndirectInputEvents = YES;
				INFOPLIST_KEY_UILaunchStoryboardName = LaunchScreen;
				INFOPLIST_KEY_UIMainStoryboardFile = Main;
				INFOPLIST_KEY_UISupportedInterfaceOrientations_iPad = "UIInterfaceOrientationPortrait UIInterfaceOrientationPortraitUpsideDown UIInterfaceOrientationLandscapeLeft UIInterfaceOrientationLandscapeRight";
				INFOPLIST_KEY_UISupportedInterfaceOrientations_iPhone = "UIInterfaceOrientationPortrait UIInterfaceOrientationLandscapeLeft UIInterfaceOrientationLandscapeRight";
				LD_RUNPATH_SEARCH_PATHS = (
					"$(inherited)",
					"@executable_path/Frameworks",
				);
				MARKETING_VERSION = 1.0;
				PRODUCT_BUNDLE_IDENTIFIER = "ST.HomeWork-6";
				PRODUCT_NAME = "$(TARGET_NAME)";
				SWIFT_EMIT_LOC_STRINGS = YES;
				SWIFT_VERSION = 5.0;
				TARGETED_DEVICE_FAMILY = "1,2";
			};
			name = Release;
		};
/* End XCBuildConfiguration section */

/* Begin XCConfigurationList section */
		7FCDF6C128717285006D703F /* Build configuration list for PBXProject "HomeWork 6" */ = {
			isa = XCConfigurationList;
			buildConfigurations = (
				7FCDF6D82871728D006D703F /* Debug */,
				7FCDF6D92871728D006D703F /* Release */,
			);
			defaultConfigurationIsVisible = 0;
			defaultConfigurationName = Release;
		};
		7FCDF6DA2871728D006D703F /* Build configuration list for PBXNativeTarget "HomeWork 6" */ = {
			isa = XCConfigurationList;
			buildConfigurations = (
				7FCDF6DB2871728D006D703F /* Debug */,
				7FCDF6DC2871728D006D703F /* Release */,
			);
			defaultConfigurationIsVisible = 0;
			defaultConfigurationName = Release;
		};
/* End XCConfigurationList section */
	};
	rootObject = 7FCDF6BE28717285006D703F /* Project object */;
}
